
Microsoft Visual Studio Solution File, Format Version 12.00
Project("{FAE04EC0-301F-11D3-BF4B-00C04F79EFBC}") = "InlineCodeVsFunction", "InlineCodeVsFunction\InlineCodeVsFunction.csproj", "{BF222CEB-B4B5-4AF8-B9B1-41D99E39A56E}"
EndProject
Project("{FAE04EC0-301F-11D3-BF4B-00C04F79EFBC}") = "Collections", "Collections\Collections.csproj", "{88A8CE47-0B8C-404C-9378-68B3E212CE97}"
EndProject
Project("{FAE04EC0-301F-11D3-BF4B-00C04F79EFBC}") = "LoopsVsLinq", "LoopsVsLinq\LoopsVsLinq.csproj", "{3655E418-343C-4DC5-8182-C7513450C79C}"
EndProject
Project("{FAE04EC0-301F-11D3-BF4B-00C04F79EFBC}") = "FakeDataGeneration", "FakeDataGeneration\FakeDataGeneration.csproj", "{CBB9E1E1-0677-4E51-B5DE-E8F0ED0CE15C}"
EndProject
Global
	GlobalSection(SolutionConfigurationPlatforms) = preSolution
		Debug|Any CPU = Debug|Any CPU
		Release|Any CPU = Release|Any CPU
	EndGlobalSection
	GlobalSection(NestedProjects) = preSolution
	EndGlobalSection
	GlobalSection(ProjectConfigurationPlatforms) = postSolution
		{BF222CEB-B4B5-4AF8-B9B1-41D99E39A56E}.Debug|Any CPU.ActiveCfg = Debug|Any CPU
		{BF222CEB-B4B5-4AF8-B9B1-41D99E39A56E}.Debug|Any CPU.Build.0 = Debug|Any CPU
		{BF222CEB-B4B5-4AF8-B9B1-41D99E39A56E}.Release|Any CPU.ActiveCfg = Release|Any CPU
		{BF222CEB-B4B5-4AF8-B9B1-41D99E39A56E}.Release|Any CPU.Build.0 = Release|Any CPU
		{88A8CE47-0B8C-404C-9378-68B3E212CE97}.Debug|Any CPU.ActiveCfg = Debug|Any CPU
		{88A8CE47-0B8C-404C-9378-68B3E212CE97}.Debug|Any CPU.Build.0 = Debug|Any CPU
		{88A8CE47-0B8C-404C-9378-68B3E212CE97}.Release|Any CPU.ActiveCfg = Release|Any CPU
		{88A8CE47-0B8C-404C-9378-68B3E212CE97}.Release|Any CPU.Build.0 = Release|Any CPU
		{3655E418-343C-4DC5-8182-C7513450C79C}.Debug|Any CPU.ActiveCfg = Debug|Any CPU
		{3655E418-343C-4DC5-8182-C7513450C79C}.Debug|Any CPU.Build.0 = Debug|Any CPU
		{3655E418-343C-4DC5-8182-C7513450C79C}.Release|Any CPU.ActiveCfg = Release|Any CPU
		{3655E418-343C-4DC5-8182-C7513450C79C}.Release|Any CPU.Build.0 = Release|Any CPU
		{CBB9E1E1-0677-4E51-B5DE-E8F0ED0CE15C}.Debug|Any CPU.ActiveCfg = Debug|Any CPU
		{CBB9E1E1-0677-4E51-B5DE-E8F0ED0CE15C}.Debug|Any CPU.Build.0 = Debug|Any CPU
		{CBB9E1E1-0677-4E51-B5DE-E8F0ED0CE15C}.Release|Any CPU.ActiveCfg = Release|Any CPU
		{CBB9E1E1-0677-4E51-B5DE-E8F0ED0CE15C}.Release|Any CPU.Build.0 = Release|Any CPU
	EndGlobalSection
EndGlobal
